
Microsoft Visual Studio Solution File, Format Version 12.00
# Visual Studio Version 16
VisualStudioVersion = 16.0.29411.108
MinimumVisualStudioVersion = 10.0.40219.1
Project("{9A19103F-16F7-4668-BE54-9A1E7A4F7556}") = "Project", "Project.csproj", "{12384CB2-4BC6-4E35-8959-1C5AE6D499D1}"
EndProject
Global
	GlobalSection(SolutionConfigurationPlatforms) = preSolution
		Debug|Any CPU = Debug|Any CPU
		Release|Any CPU = Release|Any CPU
	EndGlobalSection
	GlobalSection(ProjectConfigurationPlatforms) = postSolution
		{12384CB2-4BC6-4E35-8959-1C5AE6D499D1}.Debug|Any CPU.ActiveCfg = Debug|Any CPU
		{12384CB2-4BC6-4E35-8959-1C5AE6D499D1}.Debug|Any CPU.Build.0 = Debug|Any CPU
		{12384CB2-4BC6-4E35-8959-1C5AE6D499D1}.Release|Any CPU.ActiveCfg = Release|Any CPU
		{12384CB2-4BC6-4E35-8959-1C5AE6D499D1}.Release|Any CPU.Build.0 = Release|Any CPU
	EndGlobalSection
	GlobalSection(SolutionProperties) = preSolution
		HideSolutionNode = FALSE
	EndGlobalSection
	GlobalSection(ExtensibilityGlobals) = postSolution
		SolutionGuid = {97E9BA0B-96ED-4C28-9447-C237984F3D36}
	EndGlobalSection
EndGlobal
