
Microsoft Visual Studio Solution File, Format Version 12.00
# Visual Studio Version 16
VisualStudioVersion = 16.0.29519.87
MinimumVisualStudioVersion = 10.0.40219.1
Project("{FAE04EC0-301F-11D3-BF4B-00C04F79EFBC}") = "BulkRunner", "BulkRunner.csproj", "{347CACA7-00F9-44FC-BEA1-D9A86E47B813}"
EndProject
Project("{9A19103F-16F7-4668-BE54-9A1E7A4F7556}") = "Project", "..\Project.csproj", "{0FB01A21-946B-4B43-863C-027F108F9B57}"
EndProject
Global
	GlobalSection(SolutionConfigurationPlatforms) = preSolution
		Debug|Any CPU = Debug|Any CPU
		Release|Any CPU = Release|Any CPU
	EndGlobalSection
	GlobalSection(ProjectConfigurationPlatforms) = postSolution
		{347CACA7-00F9-44FC-BEA1-D9A86E47B813}.Debug|Any CPU.ActiveCfg = Debug|Any CPU
		{347CACA7-00F9-44FC-BEA1-D9A86E47B813}.Debug|Any CPU.Build.0 = Debug|Any CPU
		{347CACA7-00F9-44FC-BEA1-D9A86E47B813}.Release|Any CPU.ActiveCfg = Release|Any CPU
		{347CACA7-00F9-44FC-BEA1-D9A86E47B813}.Release|Any CPU.Build.0 = Release|Any CPU
		{0FB01A21-946B-4B43-863C-027F108F9B57}.Debug|Any CPU.ActiveCfg = Debug|Any CPU
		{0FB01A21-946B-4B43-863C-027F108F9B57}.Debug|Any CPU.Build.0 = Debug|Any CPU
		{0FB01A21-946B-4B43-863C-027F108F9B57}.Release|Any CPU.ActiveCfg = Release|Any CPU
		{0FB01A21-946B-4B43-863C-027F108F9B57}.Release|Any CPU.Build.0 = Release|Any CPU
	EndGlobalSection
	GlobalSection(SolutionProperties) = preSolution
		HideSolutionNode = FALSE
	EndGlobalSection
	GlobalSection(ExtensibilityGlobals) = postSolution
		SolutionGuid = {5004F747-7651-46E3-97BE-6B669CAE2498}
	EndGlobalSection
EndGlobal
